{
  "name": "try-catch-plugin",
  "lockfileVersion": 2,
  "requires": true,
  "packages": {
    "": {
      "dependencies": {
        "neverthrow": "^4.3.1"
      }
    },
    "node_modules/neverthrow": {
      "version": "4.3.1",
      "resolved": "https://registry.npmjs.org/neverthrow/-/neverthrow-4.3.1.tgz",
      "integrity": "sha512-+vxjSaiDWjAj6kR6KKW0YDuV6O4UCNWGAO8m8ITjFKPWcTmU1GVnL+J5TAUTKpPnUAHCKDxXpOHVaERid223Ww=="
    }
  },
  "dependencies": {
    "neverthrow": {
      "version": "4.3.1",
      "resolved": "https://registry.npmjs.org/neverthrow/-/neverthrow-4.3.1.tgz",
      "integrity": "sha512-+vxjSaiDWjAj6kR6KKW0YDuV6O4UCNWGAO8m8ITjFKPWcTmU1GVnL+J5TAUTKpPnUAHCKDxXpOHVaERid223Ww=="
    }
  }
}
